
Microsoft Visual Studio Solution File, Format Version 12.00
# Visual Studio Version 17
VisualStudioVersion = 17.4.33213.308
MinimumVisualStudioVersion = 10.0.40219.1
Project("{9A19103F-16F7-4668-BE54-9A1E7A4F7556}") = "PureAirBackend", "PureAir.Backend\PureAirBackend.csproj", "{5558A1E0-B145-41B6-BE9A-230AC3824461}"
EndProject
Project("{9A19103F-16F7-4668-BE54-9A1E7A4F7556}") = "PureAirMobile", "PureAir.Mobile\PureAirMobile.csproj", "{72B7B2FC-F1DE-44B0-89A3-C1B87112E849}"
EndProject
Global
	GlobalSection(SolutionConfigurationPlatforms) = preSolution
		Debug|Any CPU = Debug|Any CPU
		Release|Any CPU = Release|Any CPU
	EndGlobalSection
	GlobalSection(ProjectConfigurationPlatforms) = postSolution
		{5558A1E0-B145-41B6-BE9A-230AC3824461}.Debug|Any CPU.ActiveCfg = Debug|Any CPU
		{5558A1E0-B145-41B6-BE9A-230AC3824461}.Debug|Any CPU.Build.0 = Debug|Any CPU
		{5558A1E0-B145-41B6-BE9A-230AC3824461}.Release|Any CPU.ActiveCfg = Release|Any CPU
		{5558A1E0-B145-41B6-BE9A-230AC3824461}.Release|Any CPU.Build.0 = Release|Any CPU
		{72B7B2FC-F1DE-44B0-89A3-C1B87112E849}.Debug|Any CPU.ActiveCfg = Debug|Any CPU
		{72B7B2FC-F1DE-44B0-89A3-C1B87112E849}.Debug|Any CPU.Build.0 = Debug|Any CPU
		{72B7B2FC-F1DE-44B0-89A3-C1B87112E849}.Debug|Any CPU.Deploy.0 = Debug|Any CPU
		{72B7B2FC-F1DE-44B0-89A3-C1B87112E849}.Release|Any CPU.ActiveCfg = Release|Any CPU
		{72B7B2FC-F1DE-44B0-89A3-C1B87112E849}.Release|Any CPU.Build.0 = Release|Any CPU
		{72B7B2FC-F1DE-44B0-89A3-C1B87112E849}.Release|Any CPU.Deploy.0 = Release|Any CPU
	EndGlobalSection
	GlobalSection(SolutionProperties) = preSolution
		HideSolutionNode = FALSE
	EndGlobalSection
	GlobalSection(ExtensibilityGlobals) = postSolution
		SolutionGuid = {D44BF4F0-60A6-4232-8506-FABC19F284FE}
	EndGlobalSection
EndGlobal
